
Microsoft Visual Studio Solution File, Format Version 12.00
# Visual Studio 2013
VisualStudioVersion = 12.0.31101.0
MinimumVisualStudioVersion = 10.0.40219.1
Project("{FAE04EC0-301F-11D3-BF4B-00C04F79EFBC}") = "Zxl.Data", "projects\Zxl.Data\Zxl.Data.csproj", "{A37FB0C7-4A07-4C7E-BFB8-AB49B02AD6D7}"
EndProject
Project("{FAE04EC0-301F-11D3-BF4B-00C04F79EFBC}") = "Zxl.Printer", "projects\Zxl.Printer\Zxl.Printer.csproj", "{CB58C7AA-AEEB-46CB-AE5F-4C70638D8ED4}"
EndProject
Project("{FAE04EC0-301F-11D3-BF4B-00C04F79EFBC}") = "Zxl.Form", "projects\Zxl.Form\Zxl.Form.csproj", "{57489B8F-8A3E-448E-A4EF-D660997CD4CD}"
EndProject
Project("{FAE04EC0-301F-11D3-BF4B-00C04F79EFBC}") = "Zxl.WebSite", "projects\Zxl.WebSite\Zxl.WebSite.csproj", "{FDB30D28-861A-4780-A046-300D18363A70}"
EndProject
Project("{FAE04EC0-301F-11D3-BF4B-00C04F79EFBC}") = "Zxl.Business", "projects\Zxl.Business\Zxl.Business.csproj", "{EA7C6760-12EF-4F4F-8716-9F4D33E24392}"
EndProject
Project("{FAE04EC0-301F-11D3-BF4B-00C04F79EFBC}") = "Zxl.Builder", "projects\Zxl.Builder\Zxl.Builder.csproj", "{5A901C1F-FBD0-421E-9235-B68E599C1ABA}"
EndProject
Project("{E24C65DC-7377-472B-9ABA-BC803B73C61A}") = "Zxl.WeChat", "http://localhost:30512", "{4980F31D-ACB6-4BAA-81DF-2FF515E9E920}"
	ProjectSection(WebsiteProperties) = preProject
		UseIISExpress = "true"
		TargetFrameworkMoniker = ".NETFramework,Version%3Dv4.0"
		Debug.AspNetCompiler.VirtualPath = "/localhost_30512"
		Debug.AspNetCompiler.PhysicalPath = "projects\Zxl.WeChat\"
		Debug.AspNetCompiler.TargetPath = "PrecompiledWeb\localhost_30512\"
		Debug.AspNetCompiler.Updateable = "true"
		Debug.AspNetCompiler.ForceOverwrite = "true"
		Debug.AspNetCompiler.FixedNames = "false"
		Debug.AspNetCompiler.Debug = "True"
		Release.AspNetCompiler.VirtualPath = "/localhost_30512"
		Release.AspNetCompiler.PhysicalPath = "projects\Zxl.WeChat\"
		Release.AspNetCompiler.TargetPath = "PrecompiledWeb\localhost_30512\"
		Release.AspNetCompiler.Updateable = "true"
		Release.AspNetCompiler.ForceOverwrite = "true"
		Release.AspNetCompiler.FixedNames = "false"
		Release.AspNetCompiler.Debug = "False"
		SlnRelativePath = "projects\Zxl.WeChat\"
	EndProjectSection
EndProject
Global
	GlobalSection(SolutionConfigurationPlatforms) = preSolution
		Debug|Any CPU = Debug|Any CPU
		Release|Any CPU = Release|Any CPU
	EndGlobalSection
	GlobalSection(ProjectConfigurationPlatforms) = postSolution
		{A37FB0C7-4A07-4C7E-BFB8-AB49B02AD6D7}.Debug|Any CPU.ActiveCfg = Debug|Any CPU
		{A37FB0C7-4A07-4C7E-BFB8-AB49B02AD6D7}.Debug|Any CPU.Build.0 = Debug|Any CPU
		{A37FB0C7-4A07-4C7E-BFB8-AB49B02AD6D7}.Release|Any CPU.ActiveCfg = Release|Any CPU
		{A37FB0C7-4A07-4C7E-BFB8-AB49B02AD6D7}.Release|Any CPU.Build.0 = Release|Any CPU
		{CB58C7AA-AEEB-46CB-AE5F-4C70638D8ED4}.Debug|Any CPU.ActiveCfg = Debug|Any CPU
		{CB58C7AA-AEEB-46CB-AE5F-4C70638D8ED4}.Debug|Any CPU.Build.0 = Debug|Any CPU
		{CB58C7AA-AEEB-46CB-AE5F-4C70638D8ED4}.Release|Any CPU.ActiveCfg = Release|Any CPU
		{CB58C7AA-AEEB-46CB-AE5F-4C70638D8ED4}.Release|Any CPU.Build.0 = Release|Any CPU
		{57489B8F-8A3E-448E-A4EF-D660997CD4CD}.Debug|Any CPU.ActiveCfg = Debug|Any CPU
		{57489B8F-8A3E-448E-A4EF-D660997CD4CD}.Debug|Any CPU.Build.0 = Debug|Any CPU
		{57489B8F-8A3E-448E-A4EF-D660997CD4CD}.Release|Any CPU.ActiveCfg = Release|Any CPU
		{57489B8F-8A3E-448E-A4EF-D660997CD4CD}.Release|Any CPU.Build.0 = Release|Any CPU
		{FDB30D28-861A-4780-A046-300D18363A70}.Debug|Any CPU.ActiveCfg = Debug|Any CPU
		{FDB30D28-861A-4780-A046-300D18363A70}.Debug|Any CPU.Build.0 = Debug|Any CPU
		{FDB30D28-861A-4780-A046-300D18363A70}.Release|Any CPU.ActiveCfg = Release|Any CPU
		{FDB30D28-861A-4780-A046-300D18363A70}.Release|Any CPU.Build.0 = Release|Any CPU
		{EA7C6760-12EF-4F4F-8716-9F4D33E24392}.Debug|Any CPU.ActiveCfg = Debug|Any CPU
		{EA7C6760-12EF-4F4F-8716-9F4D33E24392}.Debug|Any CPU.Build.0 = Debug|Any CPU
		{EA7C6760-12EF-4F4F-8716-9F4D33E24392}.Release|Any CPU.ActiveCfg = Release|Any CPU
		{EA7C6760-12EF-4F4F-8716-9F4D33E24392}.Release|Any CPU.Build.0 = Release|Any CPU
		{5A901C1F-FBD0-421E-9235-B68E599C1ABA}.Debug|Any CPU.ActiveCfg = Debug|Any CPU
		{5A901C1F-FBD0-421E-9235-B68E599C1ABA}.Debug|Any CPU.Build.0 = Debug|Any CPU
		{5A901C1F-FBD0-421E-9235-B68E599C1ABA}.Release|Any CPU.ActiveCfg = Release|Any CPU
		{5A901C1F-FBD0-421E-9235-B68E599C1ABA}.Release|Any CPU.Build.0 = Release|Any CPU
		{4980F31D-ACB6-4BAA-81DF-2FF515E9E920}.Debug|Any CPU.ActiveCfg = Debug|Any CPU
		{4980F31D-ACB6-4BAA-81DF-2FF515E9E920}.Debug|Any CPU.Build.0 = Debug|Any CPU
		{4980F31D-ACB6-4BAA-81DF-2FF515E9E920}.Release|Any CPU.ActiveCfg = Debug|Any CPU
		{4980F31D-ACB6-4BAA-81DF-2FF515E9E920}.Release|Any CPU.Build.0 = Debug|Any CPU
	EndGlobalSection
	GlobalSection(SolutionProperties) = preSolution
		HideSolutionNode = FALSE
	EndGlobalSection
EndGlobal
